
Microsoft Visual Studio Solution File, Format Version 12.00
# Visual Studio Version 17
VisualStudioVersion = 17.5.33627.172
MinimumVisualStudioVersion = 10.0.40219.1
Project("{FAE04EC0-301F-11D3-BF4B-00C04F79EFBC}") = "Rtvs.iRadio", "..\iRádio RTVS\iRadioRTVS\Rtvs.iRadio.csproj", "{5F3A3FAC-5E44-4058-BE91-2B0E589C1F0E}"
EndProject
Project("{9A19103F-16F7-4668-BE54-9A1E7A4F7556}") = "Radio.Player.Models", "Radio.Player.Models\Radio.Player.Models.csproj", "{302EEF81-30BE-493B-85DC-1121DACD8D96}"
EndProject
Project("{FAE04EC0-301F-11D3-BF4B-00C04F79EFBC}") = "Radio.Player.UI.UWP", "Radio.Player.UI.UWP\Radio.Player.UI.UWP.csproj", "{7538DDC5-C9DD-444D-B33F-0919B9572E9C}"
EndProject
Project("{9A19103F-16F7-4668-BE54-9A1E7A4F7556}") = "Radio.Player.Services.Contracts", "Radio.Player.Services.Contracts\Radio.Player.Services.Contracts.csproj", "{BBA82C04-FE9E-4579-A8C4-7C524501BB76}"
EndProject
Project("{9A19103F-16F7-4668-BE54-9A1E7A4F7556}") = "Radio.Player.Providers.Rtvs", "Radio.Player.Providers.Rtvs\Radio.Player.Providers.Rtvs.csproj", "{9A743FE9-2787-4F02-A9F0-A4E3A190A10F}"
EndProject
Project("{9A19103F-16F7-4668-BE54-9A1E7A4F7556}") = "Radio.Player.UI.WinUI", "Radio.Player.UI.WinUI\Radio.Player.UI.WinUI.csproj", "{14907A04-52DC-48E7-BEF6-73A126FA567B}"
EndProject
Project("{9A19103F-16F7-4668-BE54-9A1E7A4F7556}") = "Radio.Player.Services.Spotify", "Radio.Player.Services.Spotify\Radio.Player.Services.Spotify.csproj", "{CF6F7A3C-1A02-4272-87F1-E81C02955BBF}"
EndProject
Project("{9A19103F-16F7-4668-BE54-9A1E7A4F7556}") = "Radio.Player.Services.LastFm", "Radio.Player.Services.LastFM\Radio.Player.Services.LastFm.csproj", "{D14DA046-8A4C-4934-951C-F22F9F175F63}"
EndProject
Global
	GlobalSection(SolutionConfigurationPlatforms) = preSolution
		Debug|Any CPU = Debug|Any CPU
		Debug|ARM = Debug|ARM
		Debug|ARM64 = Debug|ARM64
		Debug|x64 = Debug|x64
		Debug|x86 = Debug|x86
		Release|Any CPU = Release|Any CPU
		Release|ARM = Release|ARM
		Release|ARM64 = Release|ARM64
		Release|x64 = Release|x64
		Release|x86 = Release|x86
	EndGlobalSection
	GlobalSection(ProjectConfigurationPlatforms) = postSolution
		{5F3A3FAC-5E44-4058-BE91-2B0E589C1F0E}.Debug|Any CPU.ActiveCfg = Debug|x86
		{5F3A3FAC-5E44-4058-BE91-2B0E589C1F0E}.Debug|ARM.ActiveCfg = Debug|x86
		{5F3A3FAC-5E44-4058-BE91-2B0E589C1F0E}.Debug|ARM64.ActiveCfg = Debug|x86
		{5F3A3FAC-5E44-4058-BE91-2B0E589C1F0E}.Debug|x64.ActiveCfg = Debug|x64
		{5F3A3FAC-5E44-4058-BE91-2B0E589C1F0E}.Debug|x64.Build.0 = Debug|x64
		{5F3A3FAC-5E44-4058-BE91-2B0E589C1F0E}.Debug|x64.Deploy.0 = Debug|x64
		{5F3A3FAC-5E44-4058-BE91-2B0E589C1F0E}.Debug|x86.ActiveCfg = Debug|x86
		{5F3A3FAC-5E44-4058-BE91-2B0E589C1F0E}.Debug|x86.Build.0 = Debug|x86
		{5F3A3FAC-5E44-4058-BE91-2B0E589C1F0E}.Debug|x86.Deploy.0 = Debug|x86
		{5F3A3FAC-5E44-4058-BE91-2B0E589C1F0E}.Release|Any CPU.ActiveCfg = Release|x86
		{5F3A3FAC-5E44-4058-BE91-2B0E589C1F0E}.Release|ARM.ActiveCfg = Release|x86
		{5F3A3FAC-5E44-4058-BE91-2B0E589C1F0E}.Release|ARM64.ActiveCfg = Release|x86
		{5F3A3FAC-5E44-4058-BE91-2B0E589C1F0E}.Release|x64.ActiveCfg = Release|x64
		{5F3A3FAC-5E44-4058-BE91-2B0E589C1F0E}.Release|x64.Build.0 = Release|x64
		{5F3A3FAC-5E44-4058-BE91-2B0E589C1F0E}.Release|x64.Deploy.0 = Release|x64
		{5F3A3FAC-5E44-4058-BE91-2B0E589C1F0E}.Release|x86.ActiveCfg = Release|x86
		{5F3A3FAC-5E44-4058-BE91-2B0E589C1F0E}.Release|x86.Build.0 = Release|x86
		{5F3A3FAC-5E44-4058-BE91-2B0E589C1F0E}.Release|x86.Deploy.0 = Release|x86
		{302EEF81-30BE-493B-85DC-1121DACD8D96}.Debug|Any CPU.ActiveCfg = Debug|Any CPU
		{302EEF81-30BE-493B-85DC-1121DACD8D96}.Debug|Any CPU.Build.0 = Debug|Any CPU
		{302EEF81-30BE-493B-85DC-1121DACD8D96}.Debug|ARM.ActiveCfg = Debug|Any CPU
		{302EEF81-30BE-493B-85DC-1121DACD8D96}.Debug|ARM.Build.0 = Debug|Any CPU
		{302EEF81-30BE-493B-85DC-1121DACD8D96}.Debug|ARM64.ActiveCfg = Debug|Any CPU
		{302EEF81-30BE-493B-85DC-1121DACD8D96}.Debug|ARM64.Build.0 = Debug|Any CPU
		{302EEF81-30BE-493B-85DC-1121DACD8D96}.Debug|x64.ActiveCfg = Debug|Any CPU
		{302EEF81-30BE-493B-85DC-1121DACD8D96}.Debug|x64.Build.0 = Debug|Any CPU
		{302EEF81-30BE-493B-85DC-1121DACD8D96}.Debug|x86.ActiveCfg = Debug|Any CPU
		{302EEF81-30BE-493B-85DC-1121DACD8D96}.Debug|x86.Build.0 = Debug|Any CPU
		{302EEF81-30BE-493B-85DC-1121DACD8D96}.Release|Any CPU.ActiveCfg = Release|Any CPU
		{302EEF81-30BE-493B-85DC-1121DACD8D96}.Release|Any CPU.Build.0 = Release|Any CPU
		{302EEF81-30BE-493B-85DC-1121DACD8D96}.Release|ARM.ActiveCfg = Release|Any CPU
		{302EEF81-30BE-493B-85DC-1121DACD8D96}.Release|ARM.Build.0 = Release|Any CPU
		{302EEF81-30BE-493B-85DC-1121DACD8D96}.Release|ARM64.ActiveCfg = Release|Any CPU
		{302EEF81-30BE-493B-85DC-1121DACD8D96}.Release|ARM64.Build.0 = Release|Any CPU
		{302EEF81-30BE-493B-85DC-1121DACD8D96}.Release|x64.ActiveCfg = Release|Any CPU
		{302EEF81-30BE-493B-85DC-1121DACD8D96}.Release|x64.Build.0 = Release|Any CPU
		{302EEF81-30BE-493B-85DC-1121DACD8D96}.Release|x86.ActiveCfg = Release|Any CPU
		{302EEF81-30BE-493B-85DC-1121DACD8D96}.Release|x86.Build.0 = Release|Any CPU
		{7538DDC5-C9DD-444D-B33F-0919B9572E9C}.Debug|Any CPU.ActiveCfg = Debug|x86
		{7538DDC5-C9DD-444D-B33F-0919B9572E9C}.Debug|ARM.ActiveCfg = Debug|ARM
		{7538DDC5-C9DD-444D-B33F-0919B9572E9C}.Debug|ARM.Build.0 = Debug|ARM
		{7538DDC5-C9DD-444D-B33F-0919B9572E9C}.Debug|ARM.Deploy.0 = Debug|ARM
		{7538DDC5-C9DD-444D-B33F-0919B9572E9C}.Debug|ARM64.ActiveCfg = Debug|ARM64
		{7538DDC5-C9DD-444D-B33F-0919B9572E9C}.Debug|ARM64.Build.0 = Debug|ARM64
		{7538DDC5-C9DD-444D-B33F-0919B9572E9C}.Debug|ARM64.Deploy.0 = Debug|ARM64
		{7538DDC5-C9DD-444D-B33F-0919B9572E9C}.Debug|x64.ActiveCfg = Debug|x64
		{7538DDC5-C9DD-444D-B33F-0919B9572E9C}.Debug|x64.Build.0 = Debug|x64
		{7538DDC5-C9DD-444D-B33F-0919B9572E9C}.Debug|x64.Deploy.0 = Debug|x64
		{7538DDC5-C9DD-444D-B33F-0919B9572E9C}.Debug|x86.ActiveCfg = Debug|x86
		{7538DDC5-C9DD-444D-B33F-0919B9572E9C}.Debug|x86.Build.0 = Debug|x86
		{7538DDC5-C9DD-444D-B33F-0919B9572E9C}.Debug|x86.Deploy.0 = Debug|x86
		{7538DDC5-C9DD-444D-B33F-0919B9572E9C}.Release|Any CPU.ActiveCfg = Release|x86
		{7538DDC5-C9DD-444D-B33F-0919B9572E9C}.Release|ARM.ActiveCfg = Release|ARM
		{7538DDC5-C9DD-444D-B33F-0919B9572E9C}.Release|ARM.Build.0 = Release|ARM
		{7538DDC5-C9DD-444D-B33F-0919B9572E9C}.Release|ARM.Deploy.0 = Release|ARM
		{7538DDC5-C9DD-444D-B33F-0919B9572E9C}.Release|ARM64.ActiveCfg = Release|ARM64
		{7538DDC5-C9DD-444D-B33F-0919B9572E9C}.Release|ARM64.Build.0 = Release|ARM64
		{7538DDC5-C9DD-444D-B33F-0919B9572E9C}.Release|ARM64.Deploy.0 = Release|ARM64
		{7538DDC5-C9DD-444D-B33F-0919B9572E9C}.Release|x64.ActiveCfg = Release|x64
		{7538DDC5-C9DD-444D-B33F-0919B9572E9C}.Release|x64.Build.0 = Release|x64
		{7538DDC5-C9DD-444D-B33F-0919B9572E9C}.Release|x64.Deploy.0 = Release|x64
		{7538DDC5-C9DD-444D-B33F-0919B9572E9C}.Release|x86.ActiveCfg = Release|x86
		{7538DDC5-C9DD-444D-B33F-0919B9572E9C}.Release|x86.Build.0 = Release|x86
		{7538DDC5-C9DD-444D-B33F-0919B9572E9C}.Release|x86.Deploy.0 = Release|x86
		{BBA82C04-FE9E-4579-A8C4-7C524501BB76}.Debug|Any CPU.ActiveCfg = Debug|Any CPU
		{BBA82C04-FE9E-4579-A8C4-7C524501BB76}.Debug|Any CPU.Build.0 = Debug|Any CPU
		{BBA82C04-FE9E-4579-A8C4-7C524501BB76}.Debug|ARM.ActiveCfg = Debug|Any CPU
		{BBA82C04-FE9E-4579-A8C4-7C524501BB76}.Debug|ARM.Build.0 = Debug|Any CPU
		{BBA82C04-FE9E-4579-A8C4-7C524501BB76}.Debug|ARM64.ActiveCfg = Debug|Any CPU
		{BBA82C04-FE9E-4579-A8C4-7C524501BB76}.Debug|ARM64.Build.0 = Debug|Any CPU
		{BBA82C04-FE9E-4579-A8C4-7C524501BB76}.Debug|x64.ActiveCfg = Debug|Any CPU
		{BBA82C04-FE9E-4579-A8C4-7C524501BB76}.Debug|x64.Build.0 = Debug|Any CPU
		{BBA82C04-FE9E-4579-A8C4-7C524501BB76}.Debug|x86.ActiveCfg = Debug|Any CPU
		{BBA82C04-FE9E-4579-A8C4-7C524501BB76}.Debug|x86.Build.0 = Debug|Any CPU
		{BBA82C04-FE9E-4579-A8C4-7C524501BB76}.Release|Any CPU.ActiveCfg = Release|Any CPU
		{BBA82C04-FE9E-4579-A8C4-7C524501BB76}.Release|Any CPU.Build.0 = Release|Any CPU
		{BBA82C04-FE9E-4579-A8C4-7C524501BB76}.Release|ARM.ActiveCfg = Release|Any CPU
		{BBA82C04-FE9E-4579-A8C4-7C524501BB76}.Release|ARM.Build.0 = Release|Any CPU
		{BBA82C04-FE9E-4579-A8C4-7C524501BB76}.Release|ARM64.ActiveCfg = Release|Any CPU
		{BBA82C04-FE9E-4579-A8C4-7C524501BB76}.Release|ARM64.Build.0 = Release|Any CPU
		{BBA82C04-FE9E-4579-A8C4-7C524501BB76}.Release|x64.ActiveCfg = Release|Any CPU
		{BBA82C04-FE9E-4579-A8C4-7C524501BB76}.Release|x64.Build.0 = Release|Any CPU
		{BBA82C04-FE9E-4579-A8C4-7C524501BB76}.Release|x86.ActiveCfg = Release|Any CPU
		{BBA82C04-FE9E-4579-A8C4-7C524501BB76}.Release|x86.Build.0 = Release|Any CPU
		{9A743FE9-2787-4F02-A9F0-A4E3A190A10F}.Debug|Any CPU.ActiveCfg = Debug|Any CPU
		{9A743FE9-2787-4F02-A9F0-A4E3A190A10F}.Debug|Any CPU.Build.0 = Debug|Any CPU
		{9A743FE9-2787-4F02-A9F0-A4E3A190A10F}.Debug|ARM.ActiveCfg = Debug|Any CPU
		{9A743FE9-2787-4F02-A9F0-A4E3A190A10F}.Debug|ARM.Build.0 = Debug|Any CPU
		{9A743FE9-2787-4F02-A9F0-A4E3A190A10F}.Debug|ARM64.ActiveCfg = Debug|Any CPU
		{9A743FE9-2787-4F02-A9F0-A4E3A190A10F}.Debug|ARM64.Build.0 = Debug|Any CPU
		{9A743FE9-2787-4F02-A9F0-A4E3A190A10F}.Debug|x64.ActiveCfg = Debug|Any CPU
		{9A743FE9-2787-4F02-A9F0-A4E3A190A10F}.Debug|x64.Build.0 = Debug|Any CPU
		{9A743FE9-2787-4F02-A9F0-A4E3A190A10F}.Debug|x86.ActiveCfg = Debug|Any CPU
		{9A743FE9-2787-4F02-A9F0-A4E3A190A10F}.Debug|x86.Build.0 = Debug|Any CPU
		{9A743FE9-2787-4F02-A9F0-A4E3A190A10F}.Release|Any CPU.ActiveCfg = Release|Any CPU
		{9A743FE9-2787-4F02-A9F0-A4E3A190A10F}.Release|Any CPU.Build.0 = Release|Any CPU
		{9A743FE9-2787-4F02-A9F0-A4E3A190A10F}.Release|ARM.ActiveCfg = Release|Any CPU
		{9A743FE9-2787-4F02-A9F0-A4E3A190A10F}.Release|ARM.Build.0 = Release|Any CPU
		{9A743FE9-2787-4F02-A9F0-A4E3A190A10F}.Release|ARM64.ActiveCfg = Release|Any CPU
		{9A743FE9-2787-4F02-A9F0-A4E3A190A10F}.Release|ARM64.Build.0 = Release|Any CPU
		{9A743FE9-2787-4F02-A9F0-A4E3A190A10F}.Release|x64.ActiveCfg = Release|Any CPU
		{9A743FE9-2787-4F02-A9F0-A4E3A190A10F}.Release|x64.Build.0 = Release|Any CPU
		{9A743FE9-2787-4F02-A9F0-A4E3A190A10F}.Release|x86.ActiveCfg = Release|Any CPU
		{9A743FE9-2787-4F02-A9F0-A4E3A190A10F}.Release|x86.Build.0 = Release|Any CPU
		{14907A04-52DC-48E7-BEF6-73A126FA567B}.Debug|Any CPU.ActiveCfg = Debug|x64
		{14907A04-52DC-48E7-BEF6-73A126FA567B}.Debug|Any CPU.Build.0 = Debug|x64
		{14907A04-52DC-48E7-BEF6-73A126FA567B}.Debug|Any CPU.Deploy.0 = Debug|x64
		{14907A04-52DC-48E7-BEF6-73A126FA567B}.Debug|ARM.ActiveCfg = Debug|x64
		{14907A04-52DC-48E7-BEF6-73A126FA567B}.Debug|ARM.Build.0 = Debug|x64
		{14907A04-52DC-48E7-BEF6-73A126FA567B}.Debug|ARM.Deploy.0 = Debug|x64
		{14907A04-52DC-48E7-BEF6-73A126FA567B}.Debug|ARM64.ActiveCfg = Debug|ARM64
		{14907A04-52DC-48E7-BEF6-73A126FA567B}.Debug|ARM64.Build.0 = Debug|ARM64
		{14907A04-52DC-48E7-BEF6-73A126FA567B}.Debug|ARM64.Deploy.0 = Debug|ARM64
		{14907A04-52DC-48E7-BEF6-73A126FA567B}.Debug|x64.ActiveCfg = Debug|x64
		{14907A04-52DC-48E7-BEF6-73A126FA567B}.Debug|x64.Build.0 = Debug|x64
		{14907A04-52DC-48E7-BEF6-73A126FA567B}.Debug|x64.Deploy.0 = Debug|x64
		{14907A04-52DC-48E7-BEF6-73A126FA567B}.Debug|x86.ActiveCfg = Debug|x86
		{14907A04-52DC-48E7-BEF6-73A126FA567B}.Debug|x86.Build.0 = Debug|x86
		{14907A04-52DC-48E7-BEF6-73A126FA567B}.Debug|x86.Deploy.0 = Debug|x86
		{14907A04-52DC-48E7-BEF6-73A126FA567B}.Release|Any CPU.ActiveCfg = Release|x64
		{14907A04-52DC-48E7-BEF6-73A126FA567B}.Release|Any CPU.Build.0 = Release|x64
		{14907A04-52DC-48E7-BEF6-73A126FA567B}.Release|Any CPU.Deploy.0 = Release|x64
		{14907A04-52DC-48E7-BEF6-73A126FA567B}.Release|ARM.ActiveCfg = Release|x64
		{14907A04-52DC-48E7-BEF6-73A126FA567B}.Release|ARM.Build.0 = Release|x64
		{14907A04-52DC-48E7-BEF6-73A126FA567B}.Release|ARM.Deploy.0 = Release|x64
		{14907A04-52DC-48E7-BEF6-73A126FA567B}.Release|ARM64.ActiveCfg = Release|ARM64
		{14907A04-52DC-48E7-BEF6-73A126FA567B}.Release|ARM64.Build.0 = Release|ARM64
		{14907A04-52DC-48E7-BEF6-73A126FA567B}.Release|ARM64.Deploy.0 = Release|ARM64
		{14907A04-52DC-48E7-BEF6-73A126FA567B}.Release|x64.ActiveCfg = Release|x64
		{14907A04-52DC-48E7-BEF6-73A126FA567B}.Release|x64.Build.0 = Release|x64
		{14907A04-52DC-48E7-BEF6-73A126FA567B}.Release|x64.Deploy.0 = Release|x64
		{14907A04-52DC-48E7-BEF6-73A126FA567B}.Release|x86.ActiveCfg = Release|x86
		{14907A04-52DC-48E7-BEF6-73A126FA567B}.Release|x86.Build.0 = Release|x86
		{14907A04-52DC-48E7-BEF6-73A126FA567B}.Release|x86.Deploy.0 = Release|x86
		{CF6F7A3C-1A02-4272-87F1-E81C02955BBF}.Debug|Any CPU.ActiveCfg = Debug|Any CPU
		{CF6F7A3C-1A02-4272-87F1-E81C02955BBF}.Debug|Any CPU.Build.0 = Debug|Any CPU
		{CF6F7A3C-1A02-4272-87F1-E81C02955BBF}.Debug|ARM.ActiveCfg = Debug|Any CPU
		{CF6F7A3C-1A02-4272-87F1-E81C02955BBF}.Debug|ARM.Build.0 = Debug|Any CPU
		{CF6F7A3C-1A02-4272-87F1-E81C02955BBF}.Debug|ARM64.ActiveCfg = Debug|Any CPU
		{CF6F7A3C-1A02-4272-87F1-E81C02955BBF}.Debug|ARM64.Build.0 = Debug|Any CPU
		{CF6F7A3C-1A02-4272-87F1-E81C02955BBF}.Debug|x64.ActiveCfg = Debug|Any CPU
		{CF6F7A3C-1A02-4272-87F1-E81C02955BBF}.Debug|x64.Build.0 = Debug|Any CPU
		{CF6F7A3C-1A02-4272-87F1-E81C02955BBF}.Debug|x86.ActiveCfg = Debug|Any CPU
		{CF6F7A3C-1A02-4272-87F1-E81C02955BBF}.Debug|x86.Build.0 = Debug|Any CPU
		{CF6F7A3C-1A02-4272-87F1-E81C02955BBF}.Release|Any CPU.ActiveCfg = Release|Any CPU
		{CF6F7A3C-1A02-4272-87F1-E81C02955BBF}.Release|Any CPU.Build.0 = Release|Any CPU
		{CF6F7A3C-1A02-4272-87F1-E81C02955BBF}.Release|ARM.ActiveCfg = Release|Any CPU
		{CF6F7A3C-1A02-4272-87F1-E81C02955BBF}.Release|ARM.Build.0 = Release|Any CPU
		{CF6F7A3C-1A02-4272-87F1-E81C02955BBF}.Release|ARM64.ActiveCfg = Release|Any CPU
		{CF6F7A3C-1A02-4272-87F1-E81C02955BBF}.Release|ARM64.Build.0 = Release|Any CPU
		{CF6F7A3C-1A02-4272-87F1-E81C02955BBF}.Release|x64.ActiveCfg = Release|Any CPU
		{CF6F7A3C-1A02-4272-87F1-E81C02955BBF}.Release|x64.Build.0 = Release|Any CPU
		{CF6F7A3C-1A02-4272-87F1-E81C02955BBF}.Release|x86.ActiveCfg = Release|Any CPU
		{CF6F7A3C-1A02-4272-87F1-E81C02955BBF}.Release|x86.Build.0 = Release|Any CPU
		{D14DA046-8A4C-4934-951C-F22F9F175F63}.Debug|Any CPU.ActiveCfg = Debug|Any CPU
		{D14DA046-8A4C-4934-951C-F22F9F175F63}.Debug|Any CPU.Build.0 = Debug|Any CPU
		{D14DA046-8A4C-4934-951C-F22F9F175F63}.Debug|ARM.ActiveCfg = Debug|Any CPU
		{D14DA046-8A4C-4934-951C-F22F9F175F63}.Debug|ARM.Build.0 = Debug|Any CPU
		{D14DA046-8A4C-4934-951C-F22F9F175F63}.Debug|ARM64.ActiveCfg = Debug|Any CPU
		{D14DA046-8A4C-4934-951C-F22F9F175F63}.Debug|ARM64.Build.0 = Debug|Any CPU
		{D14DA046-8A4C-4934-951C-F22F9F175F63}.Debug|x64.ActiveCfg = Debug|Any CPU
		{D14DA046-8A4C-4934-951C-F22F9F175F63}.Debug|x64.Build.0 = Debug|Any CPU
		{D14DA046-8A4C-4934-951C-F22F9F175F63}.Debug|x86.ActiveCfg = Debug|Any CPU
		{D14DA046-8A4C-4934-951C-F22F9F175F63}.Debug|x86.Build.0 = Debug|Any CPU
		{D14DA046-8A4C-4934-951C-F22F9F175F63}.Release|Any CPU.ActiveCfg = Release|Any CPU
		{D14DA046-8A4C-4934-951C-F22F9F175F63}.Release|Any CPU.Build.0 = Release|Any CPU
		{D14DA046-8A4C-4934-951C-F22F9F175F63}.Release|ARM.ActiveCfg = Release|Any CPU
		{D14DA046-8A4C-4934-951C-F22F9F175F63}.Release|ARM.Build.0 = Release|Any CPU
		{D14DA046-8A4C-4934-951C-F22F9F175F63}.Release|ARM64.ActiveCfg = Release|Any CPU
		{D14DA046-8A4C-4934-951C-F22F9F175F63}.Release|ARM64.Build.0 = Release|Any CPU
		{D14DA046-8A4C-4934-951C-F22F9F175F63}.Release|x64.ActiveCfg = Release|Any CPU
		{D14DA046-8A4C-4934-951C-F22F9F175F63}.Release|x64.Build.0 = Release|Any CPU
		{D14DA046-8A4C-4934-951C-F22F9F175F63}.Release|x86.ActiveCfg = Release|Any CPU
		{D14DA046-8A4C-4934-951C-F22F9F175F63}.Release|x86.Build.0 = Release|Any CPU
	EndGlobalSection
	GlobalSection(SolutionProperties) = preSolution
		HideSolutionNode = FALSE
	EndGlobalSection
	GlobalSection(ExtensibilityGlobals) = postSolution
		SolutionGuid = {C90FA254-AEC5-4D38-BE3F-08668A9AC479}
	EndGlobalSection
EndGlobal
